{
  "name": "NSC",
  "lockfileVersion": 3,
  "requires": true,
  "packages": {
    "": {
      "dependencies": {
        "poline": "^0.13.0"
      }
    },
    "node_modules/poline": {
      "version": "0.13.0",
      "resolved": "https://registry.npmjs.org/poline/-/poline-0.13.0.tgz",
      "integrity": "sha512-hCk9dG9QLW0mf1GvjnoepyHbvrnXWkVFhERhBclgRusNiedNvLgG7dRyetEwWMgMXn/yf02Pk4ewudxJRi2pzw==",
      "license": "MIT"
    }
  }
}
